// !$*UTF8*$!
{
	archiveVersion = 1;
	classes = {
	};
	objectVersion = 50;
	objects = {

/* Begin PBXBuildFile section */
		AD3A308A24904F0300E8EE1D /* AppDelegate.swift in Sources */ = {isa = PBXBuildFile; fileRef = AD3A308924904F0300E8EE1D /* AppDelegate.swift */; };
		AD3A308C24904F0300E8EE1D /* SceneDelegate.swift in Sources */ = {isa = PBXBuildFile; fileRef = AD3A308B24904F0300E8EE1D /* SceneDelegate.swift */; };
		AD3A308E24904F0300E8EE1D /* ContentView.swift in Sources */ = {isa = PBXBuildFile; fileRef = AD3A308D24904F0300E8EE1D /* ContentView.swift */; };
		AD3A309024904F0700E8EE1D /* Assets.xcassets in Resources */ = {isa = PBXBuildFile; fileRef = AD3A308F24904F0700E8EE1D /* Assets.xcassets */; };
		AD3A309324904F0700E8EE1D /* Preview Assets.xcassets in Resources */ = {isa = PBXBuildFile; fileRef = AD3A309224904F0700E8EE1D /* Preview Assets.xcassets */; };
		AD3A309624904F0700E8EE1D /* LaunchScreen.storyboard in Resources */ = {isa = PBXBuildFile; fileRef = AD3A309424904F0700E8EE1D /* LaunchScreen.storyboard */; };
		AD3A30A124904F0700E8EE1D /* card_expensesTests.swift in Sources */ = {isa = PBXBuildFile; fileRef = AD3A30A024904F0700E8EE1D /* card_expensesTests.swift */; };
		AD3A30AF249055EE00E8EE1D /* StringExtensions.swift in Sources */ = {isa = PBXBuildFile; fileRef = AD3A30AE249055EE00E8EE1D /* StringExtensions.swift */; };
		AD3A30B2249056B300E8EE1D /* Localizable.strings in Resources */ = {isa = PBXBuildFile; fileRef = AD3A30B4249056B300E8EE1D /* Localizable.strings */; };
		ADA540CE24905ABF00D950C7 /* HomeView.swift in Sources */ = {isa = PBXBuildFile; fileRef = ADA540CD24905ABF00D950C7 /* HomeView.swift */; };
		ADA540D024905AD700D950C7 /* CardView.swift in Sources */ = {isa = PBXBuildFile; fileRef = ADA540CF24905AD700D950C7 /* CardView.swift */; };
		ADA540D224905C3900D950C7 /* DateString.swift in Sources */ = {isa = PBXBuildFile; fileRef = ADA540D124905C3900D950C7 /* DateString.swift */; };
/* End PBXBuildFile section */

/* Begin PBXContainerItemProxy section */
		AD3A309D24904F0700E8EE1D /* PBXContainerItemProxy */ = {
			isa = PBXContainerItemProxy;
			containerPortal = AD3A307E24904F0300E8EE1D /* Project object */;
			proxyType = 1;
			remoteGlobalIDString = AD3A308524904F0300E8EE1D;
			remoteInfo = "card-expenses";
		};
/* End PBXContainerItemProxy section */

/* Begin PBXFileReference section */
		AD3A308624904F0300E8EE1D /* card-expenses.app */ = {isa = PBXFileReference; explicitFileType = wrapper.application; includeInIndex = 0; path = "card-expenses.app"; sourceTree = BUILT_PRODUCTS_DIR; };
		AD3A308924904F0300E8EE1D /* AppDelegate.swift */ = {isa = PBXFileReference; lastKnownFileType = sourcecode.swift; path = AppDelegate.swift; sourceTree = "<group>"; };
		AD3A308B24904F0300E8EE1D /* SceneDelegate.swift */ = {isa = PBXFileReference; lastKnownFileType = sourcecode.swift; path = SceneDelegate.swift; sourceTree = "<group>"; };
		AD3A308D24904F0300E8EE1D /* ContentView.swift */ = {isa = PBXFileReference; lastKnownFileType = sourcecode.swift; path = ContentView.swift; sourceTree = "<group>"; };
		AD3A308F24904F0700E8EE1D /* Assets.xcassets */ = {isa = PBXFileReference; lastKnownFileType = folder.assetcatalog; path = Assets.xcassets; sourceTree = "<group>"; };
		AD3A309224904F0700E8EE1D /* Preview Assets.xcassets */ = {isa = PBXFileReference; lastKnownFileType = folder.assetcatalog; path = "Preview Assets.xcassets"; sourceTree = "<group>"; };
		AD3A309524904F0700E8EE1D /* Base */ = {isa = PBXFileReference; lastKnownFileType = file.storyboard; name = Base; path = Base.lproj/LaunchScreen.storyboard; sourceTree = "<group>"; };
		AD3A309724904F0700E8EE1D /* Info.plist */ = {isa = PBXFileReference; lastKnownFileType = text.plist.xml; path = Info.plist; sourceTree = "<group>"; };
		AD3A309C24904F0700E8EE1D /* card-expensesTests.xctest */ = {isa = PBXFileReference; explicitFileType = wrapper.cfbundle; includeInIndex = 0; path = "card-expensesTests.xctest"; sourceTree = BUILT_PRODUCTS_DIR; };
		AD3A30A024904F0700E8EE1D /* card_expensesTests.swift */ = {isa = PBXFileReference; lastKnownFileType = sourcecode.swift; path = card_expensesTests.swift; sourceTree = "<group>"; };
		AD3A30A224904F0700E8EE1D /* Info.plist */ = {isa = PBXFileReference; lastKnownFileType = text.plist.xml; path = Info.plist; sourceTree = "<group>"; };
		AD3A30AE249055EE00E8EE1D /* StringExtensions.swift */ = {isa = PBXFileReference; lastKnownFileType = sourcecode.swift; path = StringExtensions.swift; sourceTree = "<group>"; };
		AD3A30B3249056B300E8EE1D /* en */ = {isa = PBXFileReference; lastKnownFileType = text.plist.strings; name = en; path = en.lproj/Localizable.strings; sourceTree = "<group>"; };
		AD3A30B5249056C200E8EE1D /* pt-BR */ = {isa = PBXFileReference; lastKnownFileType = text.plist.strings; name = "pt-BR"; path = "pt-BR.lproj/LaunchScreen.strings"; sourceTree = "<group>"; };
		AD3A30B6249056C200E8EE1D /* pt-BR */ = {isa = PBXFileReference; lastKnownFileType = text.plist.strings; name = "pt-BR"; path = "pt-BR.lproj/Localizable.strings"; sourceTree = "<group>"; };
		ADA540CD24905ABF00D950C7 /* HomeView.swift */ = {isa = PBXFileReference; lastKnownFileType = sourcecode.swift; path = HomeView.swift; sourceTree = "<group>"; };
		ADA540CF24905AD700D950C7 /* CardView.swift */ = {isa = PBXFileReference; lastKnownFileType = sourcecode.swift; path = CardView.swift; sourceTree = "<group>"; };
		ADA540D124905C3900D950C7 /* DateString.swift */ = {isa = PBXFileReference; lastKnownFileType = sourcecode.swift; path = DateString.swift; sourceTree = "<group>"; };
/* End PBXFileReference section */

/* Begin PBXFrameworksBuildPhase section */
		AD3A308324904F0300E8EE1D /* Frameworks */ = {
			isa = PBXFrameworksBuildPhase;
			buildActionMask = 2147483647;
			files = (
			);
			runOnlyForDeploymentPostprocessing = 0;
		};
		AD3A309924904F0700E8EE1D /* Frameworks */ = {
			isa = PBXFrameworksBuildPhase;
			buildActionMask = 2147483647;
			files = (
			);
			runOnlyForDeploymentPostprocessing = 0;
		};
/* End PBXFrameworksBuildPhase section */

/* Begin PBXGroup section */
		AD3A307D24904F0300E8EE1D = {
			isa = PBXGroup;
			children = (
				AD3A308824904F0300E8EE1D /* card-expenses */,
				AD3A309F24904F0700E8EE1D /* card-expensesTests */,
				AD3A308724904F0300E8EE1D /* Products */,
			);
			sourceTree = "<group>";
		};
		AD3A308724904F0300E8EE1D /* Products */ = {
			isa = PBXGroup;
			children = (
				AD3A308624904F0300E8EE1D /* card-expenses.app */,
				AD3A309C24904F0700E8EE1D /* card-expensesTests.xctest */,
			);
			name = Products;
			sourceTree = "<group>";
		};
		AD3A308824904F0300E8EE1D /* card-expenses */ = {
			isa = PBXGroup;
			children = (
				AD3A309724904F0700E8EE1D /* Info.plist */,
				AD3A30AD249055D000E8EE1D /* Extensions */,
				AD3A30AC249055C900E8EE1D /* Views */,
				AD3A30AB249055AD00E8EE1D /* Application */,
				AD3A309124904F0700E8EE1D /* Preview Content */,
			);
			path = "card-expenses";
			sourceTree = "<group>";
		};
		AD3A309124904F0700E8EE1D /* Preview Content */ = {
			isa = PBXGroup;
			children = (
				AD3A309224904F0700E8EE1D /* Preview Assets.xcassets */,
			);
			path = "Preview Content";
			sourceTree = "<group>";
		};
		AD3A309F24904F0700E8EE1D /* card-expensesTests */ = {
			isa = PBXGroup;
			children = (
				AD3A30A024904F0700E8EE1D /* card_expensesTests.swift */,
				AD3A30A224904F0700E8EE1D /* Info.plist */,
			);
			path = "card-expensesTests";
			sourceTree = "<group>";
		};
		AD3A30AB249055AD00E8EE1D /* Application */ = {
			isa = PBXGroup;
			children = (
				AD3A308924904F0300E8EE1D /* AppDelegate.swift */,
				AD3A308B24904F0300E8EE1D /* SceneDelegate.swift */,
				AD3A308F24904F0700E8EE1D /* Assets.xcassets */,
				AD3A309424904F0700E8EE1D /* LaunchScreen.storyboard */,
				AD3A30B4249056B300E8EE1D /* Localizable.strings */,
			);
			path = Application;
			sourceTree = "<group>";
		};
		AD3A30AC249055C900E8EE1D /* Views */ = {
			isa = PBXGroup;
			children = (
				AD3A308D24904F0300E8EE1D /* ContentView.swift */,
				ADA540CC24905AB100D950C7 /* Home */,
			);
			path = Views;
			sourceTree = "<group>";
		};
		AD3A30AD249055D000E8EE1D /* Extensions */ = {
			isa = PBXGroup;
			children = (
				AD3A30AE249055EE00E8EE1D /* StringExtensions.swift */,
				ADA540D124905C3900D950C7 /* DateString.swift */,
			);
			path = Extensions;
			sourceTree = "<group>";
		};
		ADA540CC24905AB100D950C7 /* Home */ = {
			isa = PBXGroup;
			children = (
				ADA540CD24905ABF00D950C7 /* HomeView.swift */,
				ADA540CF24905AD700D950C7 /* CardView.swift */,
			);
			path = Home;
			sourceTree = "<group>";
		};
/* End PBXGroup section */

/* Begin PBXNativeTarget section */
		AD3A308524904F0300E8EE1D /* card-expenses */ = {
			isa = PBXNativeTarget;
			buildConfigurationList = AD3A30A524904F0700E8EE1D /* Build configuration list for PBXNativeTarget "card-expenses" */;
			buildPhases = (
				AD3A308224904F0300E8EE1D /* Sources */,
				AD3A308324904F0300E8EE1D /* Frameworks */,
				AD3A308424904F0300E8EE1D /* Resources */,
			);
			buildRules = (
			);
			dependencies = (
			);
			name = "card-expenses";
			productName = "card-expenses";
			productReference = AD3A308624904F0300E8EE1D /* card-expenses.app */;
			productType = "com.apple.product-type.application";
		};
		AD3A309B24904F0700E8EE1D /* card-expensesTests */ = {
			isa = PBXNativeTarget;
			buildConfigurationList = AD3A30A824904F0700E8EE1D /* Build configuration list for PBXNativeTarget "card-expensesTests" */;
			buildPhases = (
				AD3A309824904F0700E8EE1D /* Sources */,
				AD3A309924904F0700E8EE1D /* Frameworks */,
				AD3A309A24904F0700E8EE1D /* Resources */,
			);
			buildRules = (
			);
			dependencies = (
				AD3A309E24904F0700E8EE1D /* PBXTargetDependency */,
			);
			name = "card-expensesTests";
			productName = "card-expensesTests";
			productReference = AD3A309C24904F0700E8EE1D /* card-expensesTests.xctest */;
			productType = "com.apple.product-type.bundle.unit-test";
		};
/* End PBXNativeTarget section */

/* Begin PBXProject section */
		AD3A307E24904F0300E8EE1D /* Project object */ = {
			isa = PBXProject;
			attributes = {
				LastSwiftUpdateCheck = 1150;
				LastUpgradeCheck = 1150;
				ORGANIZATIONNAME = "Luciano Bohrer";
				TargetAttributes = {
					AD3A308524904F0300E8EE1D = {
						CreatedOnToolsVersion = 11.5;
					};
					AD3A309B24904F0700E8EE1D = {
						CreatedOnToolsVersion = 11.5;
						TestTargetID = AD3A308524904F0300E8EE1D;
					};
				};
			};
			buildConfigurationList = AD3A308124904F0300E8EE1D /* Build configuration list for PBXProject "card-expenses" */;
			compatibilityVersion = "Xcode 9.3";
			developmentRegion = en;
			hasScannedForEncodings = 0;
			knownRegions = (
				en,
				Base,
				"pt-BR",
			);
			mainGroup = AD3A307D24904F0300E8EE1D;
			productRefGroup = AD3A308724904F0300E8EE1D /* Products */;
			projectDirPath = "";
			projectRoot = "";
			targets = (
				AD3A308524904F0300E8EE1D /* card-expenses */,
				AD3A309B24904F0700E8EE1D /* card-expensesTests */,
			);
		};
/* End PBXProject section */

/* Begin PBXResourcesBuildPhase section */
		AD3A308424904F0300E8EE1D /* Resources */ = {
			isa = PBXResourcesBuildPhase;
			buildActionMask = 2147483647;
			files = (
				AD3A309624904F0700E8EE1D /* LaunchScreen.storyboard in Resources */,
				AD3A30B2249056B300E8EE1D /* Localizable.strings in Resources */,
				AD3A309324904F0700E8EE1D /* Preview Assets.xcassets in Resources */,
				AD3A309024904F0700E8EE1D /* Assets.xcassets in Resources */,
			);
			runOnlyForDeploymentPostprocessing = 0;
		};
		AD3A309A24904F0700E8EE1D /* Resources */ = {
			isa = PBXResourcesBuildPhase;
			buildActionMask = 2147483647;
			files = (
			);
			runOnlyForDeploymentPostprocessing = 0;
		};
/* End PBXResourcesBuildPhase section */

/* Begin PBXSourcesBuildPhase section */
		AD3A308224904F0300E8EE1D /* Sources */ = {
			isa = PBXSourcesBuildPhase;
			buildActionMask = 2147483647;
			files = (
				AD3A30AF249055EE00E8EE1D /* StringExtensions.swift in Sources */,
				AD3A308A24904F0300E8EE1D /* AppDelegate.swift in Sources */,
				AD3A308C24904F0300E8EE1D /* SceneDelegate.swift in Sources */,
				ADA540CE24905ABF00D950C7 /* HomeView.swift in Sources */,
				ADA540D224905C3900D950C7 /* DateString.swift in Sources */,
				ADA540D024905AD700D950C7 /* CardView.swift in Sources */,
				AD3A308E24904F0300E8EE1D /* ContentView.swift in Sources */,
			);
			runOnlyForDeploymentPostprocessing = 0;
		};
		AD3A309824904F0700E8EE1D /* Sources */ = {
			isa = PBXSourcesBuildPhase;
			buildActionMask = 2147483647;
			files = (
				AD3A30A124904F0700E8EE1D /* card_expensesTests.swift in Sources */,
			);
			runOnlyForDeploymentPostprocessing = 0;
		};
/* End PBXSourcesBuildPhase section */

/* Begin PBXTargetDependency section */
		AD3A309E24904F0700E8EE1D /* PBXTargetDependency */ = {
			isa = PBXTargetDependency;
			target = AD3A308524904F0300E8EE1D /* card-expenses */;
			targetProxy = AD3A309D24904F0700E8EE1D /* PBXContainerItemProxy */;
		};
/* End PBXTargetDependency section */

/* Begin PBXVariantGroup section */
		AD3A309424904F0700E8EE1D /* LaunchScreen.storyboard */ = {
			isa = PBXVariantGroup;
			children = (
				AD3A309524904F0700E8EE1D /* Base */,
				AD3A30B5249056C200E8EE1D /* pt-BR */,
			);
			name = LaunchScreen.storyboard;
			sourceTree = "<group>";
		};
		AD3A30B4249056B300E8EE1D /* Localizable.strings */ = {
			isa = PBXVariantGroup;
			children = (
				AD3A30B3249056B300E8EE1D /* en */,
				AD3A30B6249056C200E8EE1D /* pt-BR */,
			);
			name = Localizable.strings;
			sourceTree = "<group>";
		};
/* End PBXVariantGroup section */

/* Begin XCBuildConfiguration section */
		AD3A30A324904F0700E8EE1D /* Debug */ = {
			isa = XCBuildConfiguration;
			buildSettings = {
				ALWAYS_SEARCH_USER_PATHS = NO;
				CLANG_ANALYZER_LOCALIZABILITY_NONLOCALIZED = YES;
				CLANG_ANALYZER_NONNULL = YES;
				CLANG_ANALYZER_NUMBER_OBJECT_CONVERSION = YES_AGGRESSIVE;
				CLANG_CXX_LANGUAGE_STANDARD = "gnu++14";
				CLANG_CXX_LIBRARY = "libc++";
				CLANG_ENABLE_MODULES = YES;
				CLANG_ENABLE_OBJC_ARC = YES;
				CLANG_ENABLE_OBJC_WEAK = YES;
				CLANG_WARN_BLOCK_CAPTURE_AUTORELEASING = YES;
				CLANG_WARN_BOOL_CONVERSION = YES;
				CLANG_WARN_COMMA = YES;
				CLANG_WARN_CONSTANT_CONVERSION = YES;
				CLANG_WARN_DEPRECATED_OBJC_IMPLEMENTATIONS = YES;
				CLANG_WARN_DIRECT_OBJC_ISA_USAGE = YES_ERROR;
				CLANG_WARN_DOCUMENTATION_COMMENTS = YES;
				CLANG_WARN_EMPTY_BODY = YES;
				CLANG_WARN_ENUM_CONVERSION = YES;
				CLANG_WARN_INFINITE_RECURSION = YES;
				CLANG_WARN_INT_CONVERSION = YES;
				CLANG_WARN_NON_LITERAL_NULL_CONVERSION = YES;
				CLANG_WARN_OBJC_IMPLICIT_RETAIN_SELF = YES;
				CLANG_WARN_OBJC_LITERAL_CONVERSION = YES;
				CLANG_WARN_OBJC_ROOT_CLASS = YES_ERROR;
				CLANG_WARN_RANGE_LOOP_ANALYSIS = YES;
				CLANG_WARN_STRICT_PROTOTYPES = YES;
				CLANG_WARN_SUSPICIOUS_MOVE = YES;
				CLANG_WARN_UNGUARDED_AVAILABILITY = YES_AGGRESSIVE;
				CLANG_WARN_UNREACHABLE_CODE = YES;
				CLANG_WARN__DUPLICATE_METHOD_MATCH = YES;
				COPY_PHASE_STRIP = NO;
				DEBUG_INFORMATION_FORMAT = dwarf;
				ENABLE_STRICT_OBJC_MSGSEND = YES;
				ENABLE_TESTABILITY = YES;
				GCC_C_LANGUAGE_STANDARD = gnu11;
				GCC_DYNAMIC_NO_PIC = NO;
				GCC_NO_COMMON_BLOCKS = YES;
				GCC_OPTIMIZATION_LEVEL = 0;
				GCC_PREPROCESSOR_DEFINITIONS = (
					"DEBUG=1",
					"$(inherited)",
				);
				GCC_WARN_64_TO_32_BIT_CONVERSION = YES;
				GCC_WARN_ABOUT_RETURN_TYPE = YES_ERROR;
				GCC_WARN_UNDECLARED_SELECTOR = YES;
				GCC_WARN_UNINITIALIZED_AUTOS = YES_AGGRESSIVE;
				GCC_WARN_UNUSED_FUNCTION = YES;
				GCC_WARN_UNUSED_VARIABLE = YES;
				IPHONEOS_DEPLOYMENT_TARGET = 13.5;
				MTL_ENABLE_DEBUG_INFO = INCLUDE_SOURCE;
				MTL_FAST_MATH = YES;
				ONLY_ACTIVE_ARCH = YES;
				SDKROOT = iphoneos;
				SWIFT_ACTIVE_COMPILATION_CONDITIONS = DEBUG;
				SWIFT_OPTIMIZATION_LEVEL = "-Onone";
			};
			name = Debug;
		};
		AD3A30A424904F0700E8EE1D /* Release */ = {
			isa = XCBuildConfiguration;
			buildSettings = {
				ALWAYS_SEARCH_USER_PATHS = NO;
				CLANG_ANALYZER_LOCALIZABILITY_NONLOCALIZED = YES;
				CLANG_ANALYZER_NONNULL = YES;
				CLANG_ANALYZER_NUMBER_OBJECT_CONVERSION = YES_AGGRESSIVE;
				CLANG_CXX_LANGUAGE_STANDARD = "gnu++14";
				CLANG_CXX_LIBRARY = "libc++";
				CLANG_ENABLE_MODULES = YES;
				CLANG_ENABLE_OBJC_ARC = YES;
				CLANG_ENABLE_OBJC_WEAK = YES;
				CLANG_WARN_BLOCK_CAPTURE_AUTORELEASING = YES;
				CLANG_WARN_BOOL_CONVERSION = YES;
				CLANG_WARN_COMMA = YES;
				CLANG_WARN_CONSTANT_CONVERSION = YES;
				CLANG_WARN_DEPRECATED_OBJC_IMPLEMENTATIONS = YES;
				CLANG_WARN_DIRECT_OBJC_ISA_USAGE = YES_ERROR;
				CLANG_WARN_DOCUMENTATION_COMMENTS = YES;
				CLANG_WARN_EMPTY_BODY = YES;
				CLANG_WARN_ENUM_CONVERSION = YES;
				CLANG_WARN_INFINITE_RECURSION = YES;
				CLANG_WARN_INT_CONVERSION = YES;
				CLANG_WARN_NON_LITERAL_NULL_CONVERSION = YES;
				CLANG_WARN_OBJC_IMPLICIT_RETAIN_SELF = YES;
				CLANG_WARN_OBJC_LITERAL_CONVERSION = YES;
				CLANG_WARN_OBJC_ROOT_CLASS = YES_ERROR;
				CLANG_WARN_RANGE_LOOP_ANALYSIS = YES;
				CLANG_WARN_STRICT_PROTOTYPES = YES;
				CLANG_WARN_SUSPICIOUS_MOVE = YES;
				CLANG_WARN_UNGUARDED_AVAILABILITY = YES_AGGRESSIVE;
				CLANG_WARN_UNREACHABLE_CODE = YES;
				CLANG_WARN__DUPLICATE_METHOD_MATCH = YES;
				COPY_PHASE_STRIP = NO;
				DEBUG_INFORMATION_FORMAT = "dwarf-with-dsym";
				ENABLE_NS_ASSERTIONS = NO;
				ENABLE_STRICT_OBJC_MSGSEND = YES;
				GCC_C_LANGUAGE_STANDARD = gnu11;
				GCC_NO_COMMON_BLOCKS = YES;
				GCC_WARN_64_TO_32_BIT_CONVERSION = YES;
				GCC_WARN_ABOUT_RETURN_TYPE = YES_ERROR;
				GCC_WARN_UNDECLARED_SELECTOR = YES;
				GCC_WARN_UNINITIALIZED_AUTOS = YES_AGGRESSIVE;
				GCC_WARN_UNUSED_FUNCTION = YES;
				GCC_WARN_UNUSED_VARIABLE = YES;
				IPHONEOS_DEPLOYMENT_TARGET = 13.5;
				MTL_ENABLE_DEBUG_INFO = NO;
				MTL_FAST_MATH = YES;
				SDKROOT = iphoneos;
				SWIFT_COMPILATION_MODE = wholemodule;
				SWIFT_OPTIMIZATION_LEVEL = "-O";
				VALIDATE_PRODUCT = YES;
			};
			name = Release;
		};
		AD3A30A624904F0700E8EE1D /* Debug */ = {
			isa = XCBuildConfiguration;
			buildSettings = {
				ASSETCATALOG_COMPILER_APPICON_NAME = AppIcon;
				CODE_SIGN_STYLE = Automatic;
				DEVELOPMENT_ASSET_PATHS = "\"card-expenses/Preview Content\"";
				DEVELOPMENT_TEAM = P762742T9T;
				ENABLE_PREVIEWS = YES;
				INFOPLIST_FILE = "card-expenses/Info.plist";
				LD_RUNPATH_SEARCH_PATHS = (
					"$(inherited)",
					"@executable_path/Frameworks",
				);
				PRODUCT_BUNDLE_IDENTIFIER = "lucianobohrer.card-expenses";
				PRODUCT_NAME = "$(TARGET_NAME)";
				SWIFT_VERSION = 5.0;
				TARGETED_DEVICE_FAMILY = "1,2";
			};
			name = Debug;
		};
		AD3A30A724904F0700E8EE1D /* Release */ = {
			isa = XCBuildConfiguration;
			buildSettings = {
				ASSETCATALOG_COMPILER_APPICON_NAME = AppIcon;
				CODE_SIGN_STYLE = Automatic;
				DEVELOPMENT_ASSET_PATHS = "\"card-expenses/Preview Content\"";
				DEVELOPMENT_TEAM = P762742T9T;
				ENABLE_PREVIEWS = YES;
				INFOPLIST_FILE = "card-expenses/Info.plist";
				LD_RUNPATH_SEARCH_PATHS = (
					"$(inherited)",
					"@executable_path/Frameworks",
				);
				PRODUCT_BUNDLE_IDENTIFIER = "lucianobohrer.card-expenses";
				PRODUCT_NAME = "$(TARGET_NAME)";
				SWIFT_VERSION = 5.0;
				TARGETED_DEVICE_FAMILY = "1,2";
			};
			name = Release;
		};
		AD3A30A924904F0700E8EE1D /* Debug */ = {
			isa = XCBuildConfiguration;
			buildSettings = {
				ALWAYS_EMBED_SWIFT_STANDARD_LIBRARIES = YES;
				BUNDLE_LOADER = "$(TEST_HOST)";
				CODE_SIGN_STYLE = Automatic;
				DEVELOPMENT_TEAM = P762742T9T;
				INFOPLIST_FILE = "card-expensesTests/Info.plist";
				IPHONEOS_DEPLOYMENT_TARGET = 13.5;
				LD_RUNPATH_SEARCH_PATHS = (
					"$(inherited)",
					"@executable_path/Frameworks",
					"@loader_path/Frameworks",
				);
				PRODUCT_BUNDLE_IDENTIFIER = "lucianobohrer.card-expensesTests";
				PRODUCT_NAME = "$(TARGET_NAME)";
				SWIFT_VERSION = 5.0;
				TARGETED_DEVICE_FAMILY = "1,2";
				TEST_HOST = "$(BUILT_PRODUCTS_DIR)/card-expenses.app/card-expenses";
			};
			name = Debug;
		};
		AD3A30AA24904F0700E8EE1D /* Release */ = {
			isa = XCBuildConfiguration;
			buildSettings = {
				ALWAYS_EMBED_SWIFT_STANDARD_LIBRARIES = YES;
				BUNDLE_LOADER = "$(TEST_HOST)";
				CODE_SIGN_STYLE = Automatic;
				DEVELOPMENT_TEAM = P762742T9T;
				INFOPLIST_FILE = "card-expensesTests/Info.plist";
				IPHONEOS_DEPLOYMENT_TARGET = 13.5;
				LD_RUNPATH_SEARCH_PATHS = (
					"$(inherited)",
					"@executable_path/Frameworks",
					"@loader_path/Frameworks",
				);
				PRODUCT_BUNDLE_IDENTIFIER = "lucianobohrer.card-expensesTests";
				PRODUCT_NAME = "$(TARGET_NAME)";
				SWIFT_VERSION = 5.0;
				TARGETED_DEVICE_FAMILY = "1,2";
				TEST_HOST = "$(BUILT_PRODUCTS_DIR)/card-expenses.app/card-expenses";
			};
			name = Release;
		};
/* End XCBuildConfiguration section */

/* Begin XCConfigurationList section */
		AD3A308124904F0300E8EE1D /* Build configuration list for PBXProject "card-expenses" */ = {
			isa = XCConfigurationList;
			buildConfigurations = (
				AD3A30A324904F0700E8EE1D /* Debug */,
				AD3A30A424904F0700E8EE1D /* Release */,
			);
			defaultConfigurationIsVisible = 0;
			defaultConfigurationName = Release;
		};
		AD3A30A524904F0700E8EE1D /* Build configuration list for PBXNativeTarget "card-expenses" */ = {
			isa = XCConfigurationList;
			buildConfigurations = (
				AD3A30A624904F0700E8EE1D /* Debug */,
				AD3A30A724904F0700E8EE1D /* Release */,
			);
			defaultConfigurationIsVisible = 0;
			defaultConfigurationName = Release;
		};
		AD3A30A824904F0700E8EE1D /* Build configuration list for PBXNativeTarget "card-expensesTests" */ = {
			isa = XCConfigurationList;
			buildConfigurations = (
				AD3A30A924904F0700E8EE1D /* Debug */,
				AD3A30AA24904F0700E8EE1D /* Release */,
			);
			defaultConfigurationIsVisible = 0;
			defaultConfigurationName = Release;
		};
/* End XCConfigurationList section */
	};
	rootObject = AD3A307E24904F0300E8EE1D /* Project object */;
}
